
Microsoft Visual Studio Solution File, Format Version 12.00
# Visual Studio Version 17
VisualStudioVersion = 17.13.35825.156 d17.13
MinimumVisualStudioVersion = 10.0.40219.1
Project("{FAE04EC0-301F-11D3-BF4B-00C04F79EFBC}") = "ConsoleAppForTask3", "ConsoleAppForTask3\ConsoleAppForTask3.csproj", "{EE856791-2DA8-43DD-8E20-056B2B11B219}"
EndProject
Global
	GlobalSection(SolutionConfigurationPlatforms) = preSolution
		Debug|Any CPU = Debug|Any CPU
		Release|Any CPU = Release|Any CPU
	EndGlobalSection
	GlobalSection(ProjectConfigurationPlatforms) = postSolution
		{EE856791-2DA8-43DD-8E20-056B2B11B219}.Debug|Any CPU.ActiveCfg = Debug|Any CPU
		{EE856791-2DA8-43DD-8E20-056B2B11B219}.Debug|Any CPU.Build.0 = Debug|Any CPU
		{EE856791-2DA8-43DD-8E20-056B2B11B219}.Release|Any CPU.ActiveCfg = Release|Any CPU
		{EE856791-2DA8-43DD-8E20-056B2B11B219}.Release|Any CPU.Build.0 = Release|Any CPU
	EndGlobalSection
	GlobalSection(SolutionProperties) = preSolution
		HideSolutionNode = FALSE
	EndGlobalSection
	GlobalSection(ExtensibilityGlobals) = postSolution
		SolutionGuid = {DD542691-3A8A-4A24-8F46-27D23BFCD9E9}
	EndGlobalSection
EndGlobal
